
Microsoft Visual Studio Solution File, Format Version 12.00
# Visual Studio 15
VisualStudioVersion = 15.0.27703.2026
MinimumVisualStudioVersion = 10.0.40219.1
Project("{FAE04EC0-301F-11D3-BF4B-00C04F79EFBC}") = "PERFECT.CLICK.API", "PERFECT.CLICK.API\PERFECT.CLICK.API.csproj", "{ED962602-1F12-474B-B81D-CA37A44FCBE1}"
EndProject
Project("{E53339B2-1760-4266-BCC7-CA923CBCF16C}") = "docker-compose", "docker-compose.dcproj", "{A1695EDE-F9E0-44C5-8F16-98ADAF54EB2A}"
EndProject
Project("{FAE04EC0-301F-11D3-BF4B-00C04F79EFBC}") = "PERFECT.CLICK.DAL", "PERFECT.CLICK.DAL\PERFECT.CLICK.DAL.csproj", "{AFDF2EDC-0CF8-4270-9B66-5F75C3C0FE4F}"
EndProject
Global
	GlobalSection(SolutionConfigurationPlatforms) = preSolution
		Debug|Any CPU = Debug|Any CPU
		Release|Any CPU = Release|Any CPU
	EndGlobalSection
	GlobalSection(ProjectConfigurationPlatforms) = postSolution
		{ED962602-1F12-474B-B81D-CA37A44FCBE1}.Debug|Any CPU.ActiveCfg = Debug|Any CPU
		{ED962602-1F12-474B-B81D-CA37A44FCBE1}.Debug|Any CPU.Build.0 = Debug|Any CPU
		{ED962602-1F12-474B-B81D-CA37A44FCBE1}.Release|Any CPU.ActiveCfg = Release|Any CPU
		{ED962602-1F12-474B-B81D-CA37A44FCBE1}.Release|Any CPU.Build.0 = Release|Any CPU
		{A1695EDE-F9E0-44C5-8F16-98ADAF54EB2A}.Debug|Any CPU.ActiveCfg = Debug|Any CPU
		{A1695EDE-F9E0-44C5-8F16-98ADAF54EB2A}.Debug|Any CPU.Build.0 = Debug|Any CPU
		{A1695EDE-F9E0-44C5-8F16-98ADAF54EB2A}.Release|Any CPU.ActiveCfg = Release|Any CPU
		{A1695EDE-F9E0-44C5-8F16-98ADAF54EB2A}.Release|Any CPU.Build.0 = Release|Any CPU
		{AFDF2EDC-0CF8-4270-9B66-5F75C3C0FE4F}.Debug|Any CPU.ActiveCfg = Debug|Any CPU
		{AFDF2EDC-0CF8-4270-9B66-5F75C3C0FE4F}.Debug|Any CPU.Build.0 = Debug|Any CPU
		{AFDF2EDC-0CF8-4270-9B66-5F75C3C0FE4F}.Release|Any CPU.ActiveCfg = Release|Any CPU
		{AFDF2EDC-0CF8-4270-9B66-5F75C3C0FE4F}.Release|Any CPU.Build.0 = Release|Any CPU
	EndGlobalSection
	GlobalSection(SolutionProperties) = preSolution
		HideSolutionNode = FALSE
	EndGlobalSection
	GlobalSection(ExtensibilityGlobals) = postSolution
		SolutionGuid = {5A95B0BF-29A0-4C45-9103-45554B87E1F8}
	EndGlobalSection
EndGlobal
